
Microsoft Visual Studio Solution File, Format Version 12.00
# Visual Studio Version 16
VisualStudioVersion = 16.0.29519.181
MinimumVisualStudioVersion = 10.0.40219.1
Project("{2150E333-8FDC-42A3-9474-1A3956D46DE8}") = "AdminPortal", "AdminPortal", "{BAE27195-0048-46DB-BF5F-8A3439DD8989}"
EndProject
Project("{2150E333-8FDC-42A3-9474-1A3956D46DE8}") = "MiddleWare", "MiddleWare", "{5B6D827E-071D-4CC5-8AEB-B7146DF30CAE}"
EndProject
Project("{9A19103F-16F7-4668-BE54-9A1E7A4F7556}") = "MiddleWare.Lib", "MiddleWare.Lib\MiddleWare.Lib.csproj", "{8C76D5C3-AE73-4653-9453-FF7FCD908F6C}"
EndProject
Project("{9A19103F-16F7-4668-BE54-9A1E7A4F7556}") = "AdminPortal.WebApp", "AdminPortal\AdminPortal.WebApp\AdminPortal.WebApp.csproj", "{E11536A9-085A-40C6-B62B-615BD146D4AC}"
EndProject
Project("{2150E333-8FDC-42A3-9474-1A3956D46DE8}") = "Microservices", "Microservices", "{080F7399-DE04-4BAA-9A02-C824DD224A60}"
EndProject
Project("{2150E333-8FDC-42A3-9474-1A3956D46DE8}") = "Order", "Order", "{CF99B49F-D14A-4C7C-A077-B188E67065B3}"
EndProject
Project("{2150E333-8FDC-42A3-9474-1A3956D46DE8}") = "Сashbox", "Сashbox", "{A22A2810-63C2-44F7-A4A8-75845A53700F}"
EndProject
Project("{2150E333-8FDC-42A3-9474-1A3956D46DE8}") = "Users", "Users", "{D572096E-036E-4815-96FA-EC1989EA14A5}"
EndProject
Project("{2150E333-8FDC-42A3-9474-1A3956D46DE8}") = "Notification", "Notification", "{D4E9661F-EEEC-43F8-AF3B-89B997D6C039}"
EndProject
Project("{FAE04EC0-301F-11D3-BF4B-00C04F79EFBC}") = "Notification.WebApi", "Microservices\Notification\Notification.WebApi\Notification.WebApi.csproj", "{4C4F2374-7014-40BF-AAD1-75EECFFB9C29}"
EndProject
Project("{FAE04EC0-301F-11D3-BF4B-00C04F79EFBC}") = "Notification.Common", "Microservices\Notification\Notification.Common\Notification.Common.csproj", "{44970C21-F6C2-412D-824A-D7E1E019CE3A}"
EndProject
Project("{FAE04EC0-301F-11D3-BF4B-00C04F79EFBC}") = "Notification.WebUI", "Notification.WebUI\Notification.WebUI.csproj", "{380001FD-4EAF-4FEA-B45D-90183709ED34}"
EndProject
Global
	GlobalSection(SolutionConfigurationPlatforms) = preSolution
		Debug|Any CPU = Debug|Any CPU
		Release|Any CPU = Release|Any CPU
	EndGlobalSection
	GlobalSection(ProjectConfigurationPlatforms) = postSolution
		{8C76D5C3-AE73-4653-9453-FF7FCD908F6C}.Debug|Any CPU.ActiveCfg = Debug|Any CPU
		{8C76D5C3-AE73-4653-9453-FF7FCD908F6C}.Debug|Any CPU.Build.0 = Debug|Any CPU
		{8C76D5C3-AE73-4653-9453-FF7FCD908F6C}.Release|Any CPU.ActiveCfg = Release|Any CPU
		{8C76D5C3-AE73-4653-9453-FF7FCD908F6C}.Release|Any CPU.Build.0 = Release|Any CPU
		{E11536A9-085A-40C6-B62B-615BD146D4AC}.Debug|Any CPU.ActiveCfg = Debug|Any CPU
		{E11536A9-085A-40C6-B62B-615BD146D4AC}.Debug|Any CPU.Build.0 = Debug|Any CPU
		{E11536A9-085A-40C6-B62B-615BD146D4AC}.Release|Any CPU.ActiveCfg = Release|Any CPU
		{E11536A9-085A-40C6-B62B-615BD146D4AC}.Release|Any CPU.Build.0 = Release|Any CPU
		{4C4F2374-7014-40BF-AAD1-75EECFFB9C29}.Debug|Any CPU.ActiveCfg = Debug|Any CPU
		{4C4F2374-7014-40BF-AAD1-75EECFFB9C29}.Debug|Any CPU.Build.0 = Debug|Any CPU
		{4C4F2374-7014-40BF-AAD1-75EECFFB9C29}.Release|Any CPU.ActiveCfg = Release|Any CPU
		{4C4F2374-7014-40BF-AAD1-75EECFFB9C29}.Release|Any CPU.Build.0 = Release|Any CPU
		{44970C21-F6C2-412D-824A-D7E1E019CE3A}.Debug|Any CPU.ActiveCfg = Debug|Any CPU
		{44970C21-F6C2-412D-824A-D7E1E019CE3A}.Debug|Any CPU.Build.0 = Debug|Any CPU
		{44970C21-F6C2-412D-824A-D7E1E019CE3A}.Release|Any CPU.ActiveCfg = Release|Any CPU
		{44970C21-F6C2-412D-824A-D7E1E019CE3A}.Release|Any CPU.Build.0 = Release|Any CPU
		{380001FD-4EAF-4FEA-B45D-90183709ED34}.Debug|Any CPU.ActiveCfg = Debug|Any CPU
		{380001FD-4EAF-4FEA-B45D-90183709ED34}.Debug|Any CPU.Build.0 = Debug|Any CPU
		{380001FD-4EAF-4FEA-B45D-90183709ED34}.Release|Any CPU.ActiveCfg = Release|Any CPU
		{380001FD-4EAF-4FEA-B45D-90183709ED34}.Release|Any CPU.Build.0 = Release|Any CPU
	EndGlobalSection
	GlobalSection(SolutionProperties) = preSolution
		HideSolutionNode = FALSE
	EndGlobalSection
	GlobalSection(NestedProjects) = preSolution
		{8C76D5C3-AE73-4653-9453-FF7FCD908F6C} = {5B6D827E-071D-4CC5-8AEB-B7146DF30CAE}
		{E11536A9-085A-40C6-B62B-615BD146D4AC} = {BAE27195-0048-46DB-BF5F-8A3439DD8989}
		{CF99B49F-D14A-4C7C-A077-B188E67065B3} = {080F7399-DE04-4BAA-9A02-C824DD224A60}
		{A22A2810-63C2-44F7-A4A8-75845A53700F} = {080F7399-DE04-4BAA-9A02-C824DD224A60}
		{D572096E-036E-4815-96FA-EC1989EA14A5} = {080F7399-DE04-4BAA-9A02-C824DD224A60}
		{D4E9661F-EEEC-43F8-AF3B-89B997D6C039} = {080F7399-DE04-4BAA-9A02-C824DD224A60}
		{4C4F2374-7014-40BF-AAD1-75EECFFB9C29} = {D4E9661F-EEEC-43F8-AF3B-89B997D6C039}
		{44970C21-F6C2-412D-824A-D7E1E019CE3A} = {D4E9661F-EEEC-43F8-AF3B-89B997D6C039}
		{380001FD-4EAF-4FEA-B45D-90183709ED34} = {D4E9661F-EEEC-43F8-AF3B-89B997D6C039}
	EndGlobalSection
	GlobalSection(ExtensibilityGlobals) = postSolution
		SolutionGuid = {204B9FBC-381C-4364-9FAF-16BC50ADD9D8}
	EndGlobalSection
EndGlobal
