
Microsoft Visual Studio Solution File, Format Version 12.00
# Visual Studio Version 16
VisualStudioVersion = 16.0.29519.181
MinimumVisualStudioVersion = 10.0.40219.1
Project("{2150E333-8FDC-42A3-9474-1A3956D46DE8}") = "AdminPortal", "AdminPortal", "{BAE27195-0048-46DB-BF5F-8A3439DD8989}"
EndProject
Project("{2150E333-8FDC-42A3-9474-1A3956D46DE8}") = "MiddleWare", "MiddleWare", "{5B6D827E-071D-4CC5-8AEB-B7146DF30CAE}"
EndProject
Project("{2150E333-8FDC-42A3-9474-1A3956D46DE8}") = "Microservices", "Microservices", "{080F7399-DE04-4BAA-9A02-C824DD224A60}"
EndProject
Project("{2150E333-8FDC-42A3-9474-1A3956D46DE8}") = "Orders", "Orders", "{CF99B49F-D14A-4C7C-A077-B188E67065B3}"
EndProject
Project("{2150E333-8FDC-42A3-9474-1A3956D46DE8}") = "Сashbox", "Сashbox", "{A22A2810-63C2-44F7-A4A8-75845A53700F}"
EndProject
Project("{2150E333-8FDC-42A3-9474-1A3956D46DE8}") = "Users", "Users", "{D572096E-036E-4815-96FA-EC1989EA14A5}"
EndProject
Project("{2150E333-8FDC-42A3-9474-1A3956D46DE8}") = "Notifications", "Notifications", "{D4E9661F-EEEC-43F8-AF3B-89B997D6C039}"
EndProject
Project("{9A19103F-16F7-4668-BE54-9A1E7A4F7556}") = "MiddleWare.Lib", "MiddleWare\MiddleWare.Lib\MiddleWare.Lib.csproj", "{8E665ADA-3959-4B64-AC93-DF9C80F77108}"
EndProject
Project("{9A19103F-16F7-4668-BE54-9A1E7A4F7556}") = "Orders.Common", "Microservices\Orders\Orders.Common\Orders.Common.csproj", "{5DC09B47-876D-4279-AC26-9A71E7FC9F5F}"
EndProject
Project("{9A19103F-16F7-4668-BE54-9A1E7A4F7556}") = "Notifications.WebApi", "Microservices\Notifications\Notifications.WebApi\Notifications.WebApi.csproj", "{FE734256-C394-4219-A9CE-323278DDEED8}"
EndProject
Project("{9A19103F-16F7-4668-BE54-9A1E7A4F7556}") = "Notifications.Common", "Microservices\Notifications\Notifications.Common\Notifications.Common.csproj", "{0161A32D-007E-486D-9F54-BEE1904A737F}"
EndProject
Project("{9A19103F-16F7-4668-BE54-9A1E7A4F7556}") = "Users.Common", "Microservices\Users\Users.Common\Users.Common.csproj", "{3B01406A-2FA1-42FC-950C-B51E1DCFDB06}"
EndProject
Project("{9A19103F-16F7-4668-BE54-9A1E7A4F7556}") = "Users.WebApi", "Microservices\Users\Users.WebApi\Users.WebApi.csproj", "{F6EBB5FE-7C83-4F92-A738-49C37DE6A27D}"
EndProject
Project("{9A19103F-16F7-4668-BE54-9A1E7A4F7556}") = "Cashbox.Common", "Microservices\Cashbox\Cashbox.Common\Cashbox.Common.csproj", "{C90CB70A-671E-4D6E-A60A-80572D53A064}"
EndProject
Project("{9A19103F-16F7-4668-BE54-9A1E7A4F7556}") = "Cashbox.WebApi", "Microservices\Cashbox\Cashbox.WebApi\Cashbox.WebApi.csproj", "{9B816080-736C-4A55-AA2F-2397054443FF}"
EndProject
Project("{9A19103F-16F7-4668-BE54-9A1E7A4F7556}") = "Cashbox.WebUI", "Microservices\Cashbox\Cashbox.WebUI\Cashbox.WebUI.csproj", "{910348DE-8F25-485A-ADBF-E0280DBC3BCA}"
EndProject
Project("{9A19103F-16F7-4668-BE54-9A1E7A4F7556}") = "Notifications.WebUI", "Microservices\Notifications\Notifications.WebUI\Notifications.WebUI.csproj", "{73E957EB-89BD-471E-8544-7845EC40CE64}"
EndProject
Project("{9A19103F-16F7-4668-BE54-9A1E7A4F7556}") = "Orders.WebUI", "Microservices\Orders\Orders.WebUI\Orders.WebUI.csproj", "{82B18DF2-B53B-47AF-8A66-EE1FDF561766}"
EndProject
Project("{9A19103F-16F7-4668-BE54-9A1E7A4F7556}") = "Users.WebUI", "Microservices\Users\Users.WebUI\Users.WebUI.csproj", "{D8CFCC47-552F-4180-AC23-1847EB33D55C}"
EndProject
Project("{9A19103F-16F7-4668-BE54-9A1E7A4F7556}") = "AdminPortal.WebApp", "AdminPortal\AdminPortal.WebApp\AdminPortal.WebApp.csproj", "{50840B8C-A868-436B-B589-E98A6B4B6FDC}"
EndProject
Project("{9A19103F-16F7-4668-BE54-9A1E7A4F7556}") = "Orders.WebApi", "Microservices\Orders\Orders.WebApi\Orders.WebApi.csproj", "{08BD6CE0-0171-4BBD-86F5-AA9CB6C8FBEF}"
EndProject
Global
	GlobalSection(SolutionConfigurationPlatforms) = preSolution
		Debug|Any CPU = Debug|Any CPU
		Release|Any CPU = Release|Any CPU
	EndGlobalSection
	GlobalSection(ProjectConfigurationPlatforms) = postSolution
		{8E665ADA-3959-4B64-AC93-DF9C80F77108}.Debug|Any CPU.ActiveCfg = Debug|Any CPU
		{8E665ADA-3959-4B64-AC93-DF9C80F77108}.Debug|Any CPU.Build.0 = Debug|Any CPU
		{8E665ADA-3959-4B64-AC93-DF9C80F77108}.Release|Any CPU.ActiveCfg = Release|Any CPU
		{8E665ADA-3959-4B64-AC93-DF9C80F77108}.Release|Any CPU.Build.0 = Release|Any CPU
		{5DC09B47-876D-4279-AC26-9A71E7FC9F5F}.Debug|Any CPU.ActiveCfg = Debug|Any CPU
		{5DC09B47-876D-4279-AC26-9A71E7FC9F5F}.Debug|Any CPU.Build.0 = Debug|Any CPU
		{5DC09B47-876D-4279-AC26-9A71E7FC9F5F}.Release|Any CPU.ActiveCfg = Release|Any CPU
		{5DC09B47-876D-4279-AC26-9A71E7FC9F5F}.Release|Any CPU.Build.0 = Release|Any CPU
		{FE734256-C394-4219-A9CE-323278DDEED8}.Debug|Any CPU.ActiveCfg = Debug|Any CPU
		{FE734256-C394-4219-A9CE-323278DDEED8}.Debug|Any CPU.Build.0 = Debug|Any CPU
		{FE734256-C394-4219-A9CE-323278DDEED8}.Release|Any CPU.ActiveCfg = Release|Any CPU
		{FE734256-C394-4219-A9CE-323278DDEED8}.Release|Any CPU.Build.0 = Release|Any CPU
		{0161A32D-007E-486D-9F54-BEE1904A737F}.Debug|Any CPU.ActiveCfg = Debug|Any CPU
		{0161A32D-007E-486D-9F54-BEE1904A737F}.Debug|Any CPU.Build.0 = Debug|Any CPU
		{0161A32D-007E-486D-9F54-BEE1904A737F}.Release|Any CPU.ActiveCfg = Release|Any CPU
		{0161A32D-007E-486D-9F54-BEE1904A737F}.Release|Any CPU.Build.0 = Release|Any CPU
		{3B01406A-2FA1-42FC-950C-B51E1DCFDB06}.Debug|Any CPU.ActiveCfg = Debug|Any CPU
		{3B01406A-2FA1-42FC-950C-B51E1DCFDB06}.Debug|Any CPU.Build.0 = Debug|Any CPU
		{3B01406A-2FA1-42FC-950C-B51E1DCFDB06}.Release|Any CPU.ActiveCfg = Release|Any CPU
		{3B01406A-2FA1-42FC-950C-B51E1DCFDB06}.Release|Any CPU.Build.0 = Release|Any CPU
		{F6EBB5FE-7C83-4F92-A738-49C37DE6A27D}.Debug|Any CPU.ActiveCfg = Debug|Any CPU
		{F6EBB5FE-7C83-4F92-A738-49C37DE6A27D}.Debug|Any CPU.Build.0 = Debug|Any CPU
		{F6EBB5FE-7C83-4F92-A738-49C37DE6A27D}.Release|Any CPU.ActiveCfg = Release|Any CPU
		{F6EBB5FE-7C83-4F92-A738-49C37DE6A27D}.Release|Any CPU.Build.0 = Release|Any CPU
		{C90CB70A-671E-4D6E-A60A-80572D53A064}.Debug|Any CPU.ActiveCfg = Debug|Any CPU
		{C90CB70A-671E-4D6E-A60A-80572D53A064}.Debug|Any CPU.Build.0 = Debug|Any CPU
		{C90CB70A-671E-4D6E-A60A-80572D53A064}.Release|Any CPU.ActiveCfg = Release|Any CPU
		{C90CB70A-671E-4D6E-A60A-80572D53A064}.Release|Any CPU.Build.0 = Release|Any CPU
		{9B816080-736C-4A55-AA2F-2397054443FF}.Debug|Any CPU.ActiveCfg = Debug|Any CPU
		{9B816080-736C-4A55-AA2F-2397054443FF}.Debug|Any CPU.Build.0 = Debug|Any CPU
		{9B816080-736C-4A55-AA2F-2397054443FF}.Release|Any CPU.ActiveCfg = Release|Any CPU
		{9B816080-736C-4A55-AA2F-2397054443FF}.Release|Any CPU.Build.0 = Release|Any CPU
		{910348DE-8F25-485A-ADBF-E0280DBC3BCA}.Debug|Any CPU.ActiveCfg = Debug|Any CPU
		{910348DE-8F25-485A-ADBF-E0280DBC3BCA}.Debug|Any CPU.Build.0 = Debug|Any CPU
		{910348DE-8F25-485A-ADBF-E0280DBC3BCA}.Release|Any CPU.ActiveCfg = Release|Any CPU
		{910348DE-8F25-485A-ADBF-E0280DBC3BCA}.Release|Any CPU.Build.0 = Release|Any CPU
		{73E957EB-89BD-471E-8544-7845EC40CE64}.Debug|Any CPU.ActiveCfg = Debug|Any CPU
		{73E957EB-89BD-471E-8544-7845EC40CE64}.Debug|Any CPU.Build.0 = Debug|Any CPU
		{73E957EB-89BD-471E-8544-7845EC40CE64}.Release|Any CPU.ActiveCfg = Release|Any CPU
		{73E957EB-89BD-471E-8544-7845EC40CE64}.Release|Any CPU.Build.0 = Release|Any CPU
		{82B18DF2-B53B-47AF-8A66-EE1FDF561766}.Debug|Any CPU.ActiveCfg = Debug|Any CPU
		{82B18DF2-B53B-47AF-8A66-EE1FDF561766}.Debug|Any CPU.Build.0 = Debug|Any CPU
		{82B18DF2-B53B-47AF-8A66-EE1FDF561766}.Release|Any CPU.ActiveCfg = Release|Any CPU
		{82B18DF2-B53B-47AF-8A66-EE1FDF561766}.Release|Any CPU.Build.0 = Release|Any CPU
		{D8CFCC47-552F-4180-AC23-1847EB33D55C}.Debug|Any CPU.ActiveCfg = Debug|Any CPU
		{D8CFCC47-552F-4180-AC23-1847EB33D55C}.Debug|Any CPU.Build.0 = Debug|Any CPU
		{D8CFCC47-552F-4180-AC23-1847EB33D55C}.Release|Any CPU.ActiveCfg = Release|Any CPU
		{D8CFCC47-552F-4180-AC23-1847EB33D55C}.Release|Any CPU.Build.0 = Release|Any CPU
		{50840B8C-A868-436B-B589-E98A6B4B6FDC}.Debug|Any CPU.ActiveCfg = Debug|Any CPU
		{50840B8C-A868-436B-B589-E98A6B4B6FDC}.Debug|Any CPU.Build.0 = Debug|Any CPU
		{50840B8C-A868-436B-B589-E98A6B4B6FDC}.Release|Any CPU.ActiveCfg = Release|Any CPU
		{50840B8C-A868-436B-B589-E98A6B4B6FDC}.Release|Any CPU.Build.0 = Release|Any CPU
		{08BD6CE0-0171-4BBD-86F5-AA9CB6C8FBEF}.Debug|Any CPU.ActiveCfg = Debug|Any CPU
		{08BD6CE0-0171-4BBD-86F5-AA9CB6C8FBEF}.Debug|Any CPU.Build.0 = Debug|Any CPU
		{08BD6CE0-0171-4BBD-86F5-AA9CB6C8FBEF}.Release|Any CPU.ActiveCfg = Release|Any CPU
		{08BD6CE0-0171-4BBD-86F5-AA9CB6C8FBEF}.Release|Any CPU.Build.0 = Release|Any CPU
	EndGlobalSection
	GlobalSection(SolutionProperties) = preSolution
		HideSolutionNode = FALSE
	EndGlobalSection
	GlobalSection(NestedProjects) = preSolution
		{CF99B49F-D14A-4C7C-A077-B188E67065B3} = {080F7399-DE04-4BAA-9A02-C824DD224A60}
		{A22A2810-63C2-44F7-A4A8-75845A53700F} = {080F7399-DE04-4BAA-9A02-C824DD224A60}
		{D572096E-036E-4815-96FA-EC1989EA14A5} = {080F7399-DE04-4BAA-9A02-C824DD224A60}
		{D4E9661F-EEEC-43F8-AF3B-89B997D6C039} = {080F7399-DE04-4BAA-9A02-C824DD224A60}
		{8E665ADA-3959-4B64-AC93-DF9C80F77108} = {5B6D827E-071D-4CC5-8AEB-B7146DF30CAE}
		{5DC09B47-876D-4279-AC26-9A71E7FC9F5F} = {CF99B49F-D14A-4C7C-A077-B188E67065B3}
		{FE734256-C394-4219-A9CE-323278DDEED8} = {D4E9661F-EEEC-43F8-AF3B-89B997D6C039}
		{0161A32D-007E-486D-9F54-BEE1904A737F} = {D4E9661F-EEEC-43F8-AF3B-89B997D6C039}
		{3B01406A-2FA1-42FC-950C-B51E1DCFDB06} = {D572096E-036E-4815-96FA-EC1989EA14A5}
		{F6EBB5FE-7C83-4F92-A738-49C37DE6A27D} = {D572096E-036E-4815-96FA-EC1989EA14A5}
		{C90CB70A-671E-4D6E-A60A-80572D53A064} = {A22A2810-63C2-44F7-A4A8-75845A53700F}
		{9B816080-736C-4A55-AA2F-2397054443FF} = {A22A2810-63C2-44F7-A4A8-75845A53700F}
		{910348DE-8F25-485A-ADBF-E0280DBC3BCA} = {A22A2810-63C2-44F7-A4A8-75845A53700F}
		{73E957EB-89BD-471E-8544-7845EC40CE64} = {D4E9661F-EEEC-43F8-AF3B-89B997D6C039}
		{82B18DF2-B53B-47AF-8A66-EE1FDF561766} = {CF99B49F-D14A-4C7C-A077-B188E67065B3}
		{D8CFCC47-552F-4180-AC23-1847EB33D55C} = {D572096E-036E-4815-96FA-EC1989EA14A5}
		{50840B8C-A868-436B-B589-E98A6B4B6FDC} = {BAE27195-0048-46DB-BF5F-8A3439DD8989}
		{08BD6CE0-0171-4BBD-86F5-AA9CB6C8FBEF} = {CF99B49F-D14A-4C7C-A077-B188E67065B3}
	EndGlobalSection
	GlobalSection(ExtensibilityGlobals) = postSolution
		SolutionGuid = {204B9FBC-381C-4364-9FAF-16BC50ADD9D8}
	EndGlobalSection
EndGlobal
